{
  "version": 4,
  "terraform_version": "1.14.4",
  "serial": 39,
  "lineage": "90d2081a-b36b-60ce-ab04-44fe8ccf9e4f",
  "outputs": {},
  "resources": [
    {
      "mode": "managed",
      "type": "oci_identity_policy",
      "name": "splunk_policy",
      "provider": "provider[\"registry.terraform.io/oracle/oci\"]",
      "instances": [
        {
          "schema_version": 0,
          "attributes": {
            "ETag": "89c1377e1b6ae0364c616a1f24a50dd75994635a",
            "compartment_id": "ocid1.tenancy.oc1..aaaaaaaa",
            "defined_tags": {
              "Oracle-Tags.CreatedBy": "default/vishak.chittuvalapil@oracle.com",
              "Oracle-Tags.CreatedOn": "2026-04-09T13:11:13.234Z",
              "Usage-Management.Created": "2026-04-09T13:11:13.234Z",
              "Usage-Management.Creator": "default/vishak.chittuvalapil@oracle.com",
              "Usage-Management.Expires": "2026-07-08",
              "Usage-Management.Owner": "default/vishak.chittuvalapil@oracle.com"
            },
            "description": "Allow github actions group to read the stream",
            "freeform_tags": {},
            "id": "ocid1.policy.oc1..aaaaaaaandexdknr5cl",
            "inactive_state": null,
            "lastUpdateETag": "89c1377e1b6ae0364c616a1f24a50dd75994635a",
            "name": "splunk_policy",
            "policyHash": "704f36c3381b6ea49d62364821a8188d",
            "state": "ACTIVE",
            "statements": [
              "Allow group 'vishakdomain'/'github-actions-grp' to use stream-pull in compartment id ocid1.compartment.oc1..aa"
            ],
            "time_created": "2026-04-09 13:11:13.281 +0000 UTC",
            "timeouts": null,
            "version_date": null
          },
          "sensitive_attributes": [],
          "identity_schema_version": 0,
          "private": "eyJlMmJmYjczMC1lY2iOjEyMDAwMDAwMDAwMDAsInVwZGF0ZSI6MTIwMDAwMDAwMDAwMH19"
        }
      ]
    },
    {
      "mode": "managed",
      "type": "oci_streaming_stream",
      "name": "log_stream",
      "provider": "provider[\"registry.terraform.io/oracle/oci\"]",
      "instances": [
        {
          "schema_version": 0,
          "attributes": {
            "compartment_id": "ocid1.compartment.oc1..",
            "defined_tags": {
              "Manulife.CostCentre": "E1234",
              "Oracle-Tags.CreatedBy": "default/vishak.chittuvalapil@oracle.com",
              "Oracle-Tags.CreatedOn": "2026-04-09T13:11:49.359Z",
              "Terraform_tag_0.Terraform_Project_0": "tag_0",
              "Terraform_tag_2.Terraform_tag_2": "tag_2",
              "Terraform_tag_3.Terraform_Project_3": "terraformvalue3",
              "Usage-Management.Created": "2026-04-09T13:11:49.359Z",
              "Usage-Management.Creator": "default/vishak.chittuvalapil@oracle.com",
              "Usage-Management.Expires": "2026-07-08",
              "Usage-Management.Owner": "default/vishak.chittuvalapil@oracle.com"
            },
            "freeform_tags": {},
            "id": "ocid1.stream.oc1.iad.amaaaaaa",
            "lifecycle_state_details": null,
            "messages_endpoint": "https://diirervdtmza.streaming.us-ashburn-1.oci.oraclecloud.com",
            "name": "vishak-logging-stream",
            "partitions": 1,
            "retention_in_hours": 24,
            "state": "ACTIVE",
            "stream_pool_id": "ocid1.streampool.oc1.iad.amaaaaaa",
            "time_created": "2026-04-09 13:11:49.639 +0000 +0000",
            "timeouts": null
          },
          "sensitive_attributes": [],
          "identity_schema_version": 0,
          "private": "eyJlMmJmYjczMC1lY2FhJkZWxldGUiOjEyMDAwMDAwMDAwMDAsInVwZGF0ZSI6MTIwMDAwMDAwMDAwMH19",
          "dependencies": [
            "oci_streaming_stream_pool.private_pool"
          ]
        }
      ]
    },
    {
      "mode": "managed",
      "type": "oci_streaming_stream_pool",
      "name": "private_pool",
      "provider": "provider[\"registry.terraform.io/oracle/oci\"]",
      "instances": [
        {
          "schema_version": 0,
          "attributes": {
            "compartment_id": "ocid1.compartment.oc1..aaaaaaa",
            "custom_encryption_key": [
              {
                "key_state": "NONE",
                "kms_key_id": ""
              }
            ],
            "defined_tags": {
              "Manulife.CostCentre": "E1234",
              "Oracle-Tags.CreatedBy": "default/vishak.chittuvalapil@oracle.com",
              "Oracle-Tags.CreatedOn": "2026-04-09T13:11:13.253Z",
              "Terraform_tag_0.Terraform_Project_0": "tag_0",
              "Terraform_tag_2.Terraform_tag_2": "tag_2",
              "Terraform_tag_3.Terraform_Project_3": "terraformvalue3",
              "Usage-Management.Created": "2026-04-09T13:11:13.253Z",
              "Usage-Management.Creator": "default/vishak.chittuvalapil@oracle.com",
              "Usage-Management.Expires": "2026-07-08",
              "Usage-Management.Owner": "default/vishak.chittuvalapil@oracle.com"
            },
            "endpoint_fqdn": "diirervdtmza.streaming.us-ashburn-1.oci.oraclecloud.com",
            "freeform_tags": {},
            "id": "ocid1.streampool.oc1.iad.",
            "is_private": true,
            "kafka_settings": [
              {
                "auto_create_topics_enable": false,
                "bootstrap_servers": "diirervdtmza.streaming.us-ashburn-1.oci.oraclecloud.com:9092",
                "log_retention_hours": 24,
                "num_partitions": 1
              }
            ],
            "lifecycle_state_details": null,
            "name": "vishak-private-stream-pool",
            "private_endpoint_settings": [
              {
                "nsg_ids": [],
                "private_endpoint_ip": "192.168.1.141",
                "subnet_id": "ocid1.subnet.oc1.iad.aaaaaaaaht"
              }
            ],
            "security_attributes": {},
            "state": "ACTIVE",
            "time_created": "2026-04-09 13:11:13.35 +0000 +0000",
            "timeouts": null
          },
          "sensitive_attributes": [],
          "identity_schema_version": 0,
          "private": "eyJlMmJmYjczMC1lY2FhLTExZTYtOGY4OC0zNDMZWxldGUMDAwMH19"
        }
      ]
    },
    {
      "module": "module.service_connectors",
      "mode": "managed",
      "type": "oci_identity_policy",
      "name": "these",
      "provider": "provider[\"registry.terraform.io/oracle/oci\"].home",
      "instances": [
        {
          "index_key": "AUDIT_TO_STREAM",
          "schema_version": 0,
          "attributes": {
            "ETag": "0c1e0286ee280de7f92ea7c1246930493468f07f",
            "compartment_id": "ocid1.compartment.oc1..a",
            "defined_tags": {
              "Manulife.CostCentre": "E1234",
              "Oracle-Tags.CreatedBy": "default/vishak.chittuvalapil@oracle.com",
              "Oracle-Tags.CreatedOn": "2026-04-09T13:24:27.951Z",
              "Terraform_tag_0.Terraform_Project_0": "tag_0",
              "Terraform_tag_2.Terraform_tag_2": "tag_2",
              "Terraform_tag_3.Terraform_Project_3": "terraformvalue3",
              "Usage-Management.Created": "2026-04-09T13:24:27.951Z",
              "Usage-Management.Creator": "default/vishak.chittuvalapil@oracle.com",
              "Usage-Management.Expires": "2026-07-08",
              "Usage-Management.Owner": "default/vishak.chittuvalapil@oracle.com"
            },
            "description": "Allow Service Connector Hub to push to the stream",
            "freeform_tags": {
              "ocilz-terraform-module": "service-connectors/0.2.5"
            },
            "id": "ocid1.policy.oc1..aaaaaaaa7q5aiw6lbospk6do",
            "inactive_state": null,
            "lastUpdateETag": "0c1e0286ee280de7f92ea7c1246930493468f07f",
            "name": "sch-audit-to-stream-policy",
            "policyHash": "6d0388d12b331044c3e07f5967666425",
            "state": "ACTIVE",
            "statements": [
              "          Allow any-user to use stream-push in compartment id ocid1.compartment.oc1..aaaaaaaapjdzahspbgldg4d7vwtty47hywkaqu3372jj2cytb7chlaiqmgha where all {\n          request.principal.type='serviceconnector',\n          target.stream.id='ocid1.stream.oc1.iad.amaaaaaa52fmnriab6e2odqou45vemklsootgbdh6ktpanemnqgy2kkezxwa',\n          request.principal.compartment.id='ocid1.compartment.oc1..aaaaaaaapjdzahspbgldg4d7vwtty47hywkaqu3372jj2cytb7chlaiqmgha' }\n"
            ],
            "time_created": "2026-04-09 13:24:28.024 +0000 UTC",
            "timeouts": null,
            "version_date": null
          },
          "sensitive_attributes": [],
          "identity_schema_version": 0,
          "private": "InVwZGF0ZSI6MTIwMDAwMDAwMDAwMH19",
          "dependencies": [
            "module.service_connectors.data.oci_objectstorage_namespace.this",
            "module.service_connectors.oci_objectstorage_bucket.these",
            "module.service_connectors.oci_ons_notification_topic.these",
            "module.service_connectors.oci_sch_service_connector.these",
            "module.service_connectors.oci_streaming_stream.these",
            "oci_streaming_stream.log_stream",
            "oci_streaming_stream_pool.private_pool"
          ]
        }
      ]
    },
    {
      "module": "module.service_connectors",
      "mode": "managed",
      "type": "oci_sch_service_connector",
      "name": "these",
      "provider": "provider[\"registry.terraform.io/oracle/oci\"]",
      "instances": [
        {
          "index_key": "AUDIT_TO_STREAM",
          "schema_version": 0,
          "attributes": {
            "compartment_id": "ocid1.compartment.oc1..aaaa",
            "defined_tags": {
              "Manulife.CostCentre": "E1234",
              "Oracle-Tags.CreatedBy": "default/vishak.chittuvalapil@oracle.com",
              "Oracle-Tags.CreatedOn": "2026-04-09T13:12:05.899Z",
              "Terraform_tag_0.Terraform_Project_0": "tag_0",
              "Terraform_tag_2.Terraform_tag_2": "tag_2",
              "Terraform_tag_3.Terraform_Project_3": "terraformvalue3",
              "Usage-Management.Created": "2026-04-09T13:12:05.899Z",
              "Usage-Management.Creator": "default/vishak.chittuvalapil@oracle.com",
              "Usage-Management.Expires": "2026-07-08",
              "Usage-Management.Owner": "default/vishak.chittuvalapil@oracle.com"
            },
            "description": "Move OCI Audit logs to a private OCI Stream",
            "display_name": "vishak-logging-to-stream-connector",
            "freeform_tags": {
              "ocilz-terraform-module": "service-connectors/0.2.5"
            },
            "id": "ocid1.serviceconnector.oc1.iad.ama",
            "lifecycle_details": "",
            "lifecyle_details": "",
            "source": [
              {
                "config_map": "",
                "cursor": [],
                "kind": "logging",
                "log_sources": [
                  {
                    "compartment_id": "ocid1.tenancy.oc1..aaaaaaaakxcj247",
                    "log_group_id": "_Audit_Include_Subcompartment",
                    "log_id": ""
                  }
                ],
                "monitoring_sources": [],
                "plugin_name": "",
                "private_endpoint_metadata": [],
                "stream_id": ""
              }
            ],
            "state": "ACTIVE",
            "system_tags": {},
            "target": [
              {
                "batch_rollover_size_in_mbs": 0,
                "batch_rollover_time_in_ms": 0,
                "batch_size_in_kbs": 0,
                "batch_size_in_num": 0,
                "batch_time_in_sec": 0,
                "bucket": "",
                "compartment_id": "",
                "dimensions": [],
                "enable_formatted_messaging": false,
                "function_id": "",
                "kind": "streaming",
                "log_group_id": "",
                "log_source_identifier": "",
                "metric": "",
                "metric_namespace": "",
                "namespace": "",
                "object_name_prefix": "",
                "private_endpoint_metadata": [
                  {
                    "rce_dns_proxy_ip_address": "192.168.1.55",
                    "rce_traffic_ip_address": "192.168.1.144"
                  }
                ],
                "stream_id": "ocid1.stream.oc1.iad.amaa",
                "topic_id": ""
              }
            ],
            "tasks": [],
            "time_created": "2026-04-09 13:12:06.196 +0000 UTC",
            "time_updated": "2026-04-09 13:12:49.447 +0000 UTC",
            "timeouts": null
          },
          "sensitive_attributes": [],
          "identity_schema_version": 0,
          "private": "eyJlMwLCJkZWxldGUiOjEyMD",
          "dependencies": [
            "module.service_connectors.data.oci_objectstorage_namespace.this",
            "module.service_connectors.oci_objectstorage_bucket.these",
            "module.service_connectors.oci_ons_notification_topic.these",
            "module.service_connectors.oci_streaming_stream.these",
            "oci_streaming_stream.log_stream",
            "oci_streaming_stream_pool.private_pool"
          ]
        }
      ]
    }
  ],
  "check_results": [
    {
      "object_kind": "resource",
      "config_addr": "module.service_connectors.oci_objectstorage_bucket.bucket_replica",
      "status": "pass",
      "objects": null
    },
    {
      "object_kind": "resource",
      "config_addr": "module.service_connectors.oci_objectstorage_bucket.these",
      "status": "pass",
      "objects": null
    },
    {
      "object_kind": "resource",
      "config_addr": "module.service_connectors.oci_ons_subscription.these",
      "status": "pass",
      "objects": null
    },
    {
      "object_kind": "resource",
      "config_addr": "module.service_connectors.oci_identity_policy.these",
      "status": "pass",
      "objects": [
        {
          "object_addr": "module.service_connectors.oci_identity_policy.these[\"AUDIT_TO_STREAM\"]",
          "status": "pass"
        }
      ]
    },
    {
      "object_kind": "resource",
      "config_addr": "module.service_connectors.oci_sch_service_connector.these",
      "status": "pass",
      "objects": [
        {
          "object_addr": "module.service_connectors.oci_sch_service_connector.these[\"AUDIT_TO_STREAM\"]",
          "status": "pass"
        }
      ]
    }
  ]
}
